
Microsoft Visual Studio Solution File, Format Version 12.00
# Visual Studio Version 17
VisualStudioVersion = 17.4.32916.344
MinimumVisualStudioVersion = 10.0.40219.1
Project("{FAE04EC0-301F-11D3-BF4B-00C04F79EFBC}") = "WebApiDat", "WebApiDat\WebApiDat.csproj", "{9290019C-EF26-4764-AD6E-B71A53303506}"
EndProject
Global
	GlobalSection(SolutionConfigurationPlatforms) = preSolution
		Debug|Any CPU = Debug|Any CPU
		Release|Any CPU = Release|Any CPU
	EndGlobalSection
	GlobalSection(ProjectConfigurationPlatforms) = postSolution
		{9290019C-EF26-4764-AD6E-B71A53303506}.Debug|Any CPU.ActiveCfg = Debug|Any CPU
		{9290019C-EF26-4764-AD6E-B71A53303506}.Debug|Any CPU.Build.0 = Debug|Any CPU
		{9290019C-EF26-4764-AD6E-B71A53303506}.Release|Any CPU.ActiveCfg = Release|Any CPU
		{9290019C-EF26-4764-AD6E-B71A53303506}.Release|Any CPU.Build.0 = Release|Any CPU
	EndGlobalSection
	GlobalSection(SolutionProperties) = preSolution
		HideSolutionNode = FALSE
	EndGlobalSection
	GlobalSection(ExtensibilityGlobals) = postSolution
		SolutionGuid = {9B4F0144-74FA-4585-8156-04BF0137BD20}
	EndGlobalSection
EndGlobal
